// !$*UTF8*$!
{
	archiveVersion = 1;
	classes = {
	};
	objectVersion = 60;
	objects = {

/* Begin PBXBuildFile section */
		2206D45D18A8260E00FB3E65 /* getopt.tcl in Resources */ = {isa = PBXBuildFile; fileRef = 22E8C2E418A67E7000506AB8 /* getopt.tcl */; };
		224200A71A93D5FF00D0E56A /* home-sharing_helper.exp in Resources */ = {isa = PBXBuildFile; fileRef = 224200A21A93D49300D0E56A /* home-sharing_helper.exp */; };
		22575C5418AC26BB00B00006 /* ssh_manager.exp in Resources */ = {isa = PBXBuildFile; fileRef = 22575C5218AC267E00B00006 /* ssh_manager.exp */; };
		2266BEB418AADCFF00F4ED58 /* Collaboration.framework in Frameworks */ = {isa = PBXBuildFile; fileRef = 2266BEB318AADCFF00F4ED58 /* Collaboration.framework */; };
		2275989B189DC08700E42ADD /* Security.framework in Frameworks */ = {isa = PBXBuildFile; fileRef = 2275989A189DC08700E42ADD /* Security.framework */; };
		227E54921AA2776F00DF77AC /* SocketRocket.framework in Frameworks */ = {isa = PBXBuildFile; fileRef = 228FC41A1A8ABD85000BEC34 /* SocketRocket.framework */; };
		227E54951AA2786100DF77AC /* SocketRocket.framework in CopyFiles */ = {isa = PBXBuildFile; fileRef = 228FC41A1A8ABD85000BEC34 /* SocketRocket.framework */; settings = {ATTRIBUTES = (CodeSignOnCopy, RemoveHeadersOnCopy, ); }; };
		228FC4211A8AC372000BEC34 /* SystemConfiguration.framework in Frameworks */ = {isa = PBXBuildFile; fileRef = 228FC4201A8AC372000BEC34 /* SystemConfiguration.framework */; };
		229803AC187F345C00B704DD /* Cocoa.framework in Frameworks */ = {isa = PBXBuildFile; fileRef = 229803AB187F345C00B704DD /* Cocoa.framework */; };
		229803B6187F345C00B704DD /* InfoPlist.strings in Resources */ = {isa = PBXBuildFile; fileRef = 229803B4187F345C00B704DD /* InfoPlist.strings */; };
		229803BC187F345C00B704DD /* Credits.rtf in Resources */ = {isa = PBXBuildFile; fileRef = 229803BA187F345C00B704DD /* Credits.rtf */; };
		229803C2187F345C00B704DD /* MainMenu.xib in Resources */ = {isa = PBXBuildFile; fileRef = 229803C0187F345C00B704DD /* MainMenu.xib */; };
		229803C5187F345C00B704DD /* Secure_Pipes.xcdatamodeld in Sources */ = {isa = PBXBuildFile; fileRef = 229803C3187F345C00B704DD /* Secure_Pipes.xcdatamodeld */; };
		229803C7187F345C00B704DD /* Images.xcassets in Resources */ = {isa = PBXBuildFile; fileRef = 229803C6187F345C00B704DD /* Images.xcassets */; };
		22AB38AB1A1299CE0030926C /* proxy_helper.sh in Resources */ = {isa = PBXBuildFile; fileRef = 22AB38AA1A117A150030926C /* proxy_helper.sh */; };
		2A2D12492BCB0EBC0042DEEA /* Localizable.strings in Resources */ = {isa = PBXBuildFile; fileRef = 2A2D12482BCB0EBC0042DEEA /* Localizable.strings */; };
		2A3DE2062BC9674D00E67E04 /* Prefs Window.xib in Resources */ = {isa = PBXBuildFile; fileRef = 2A3DE2052BC9674D00E67E04 /* Prefs Window.xib */; };
		2A3DE20A2BC9675B00E67E04 /* Connection View.xib in Resources */ = {isa = PBXBuildFile; fileRef = 2A3DE2092BC9675B00E67E04 /* Connection View.xib */; };
		2A3DE20E2BC9676000E67E04 /* LocalForwardWindow.xib in Resources */ = {isa = PBXBuildFile; fileRef = 2A3DE20D2BC9676000E67E04 /* LocalForwardWindow.xib */; };
		2A3DE2122BC9676400E67E04 /* RemoteForwardWindow.xib in Resources */ = {isa = PBXBuildFile; fileRef = 2A3DE2112BC9676400E67E04 /* RemoteForwardWindow.xib */; };
		2A3DE2162BC9676800E67E04 /* ProxyWindow.xib in Resources */ = {isa = PBXBuildFile; fileRef = 2A3DE2152BC9676800E67E04 /* ProxyWindow.xib */; };
		2A3DE21E2BC9677000E67E04 /* General View.xib in Resources */ = {isa = PBXBuildFile; fileRef = 2A3DE21D2BC9677000E67E04 /* General View.xib */; };
		2A3DE2222BC9677300E67E04 /* Info View.xib in Resources */ = {isa = PBXBuildFile; fileRef = 2A3DE2212BC9677300E67E04 /* Info View.xib */; };
		2A3DE2302BC97F9E00E67E04 /* NESAdminPasswordDialog.xib in Resources */ = {isa = PBXBuildFile; fileRef = 2A3DE22F2BC97F9E00E67E04 /* NESAdminPasswordDialog.xib */; };
		2A3DE2342BC97FA200E67E04 /* NESConfirmationDialogWindow.xib in Resources */ = {isa = PBXBuildFile; fileRef = 2A3DE2332BC97FA200E67E04 /* NESConfirmationDialogWindow.xib */; };
		2A3DE2382BC97FA700E67E04 /* ConfirmationSheet.xib in Resources */ = {isa = PBXBuildFile; fileRef = 2A3DE2372BC97FA700E67E04 /* ConfirmationSheet.xib */; };
		2A3DE23C2BC97FAC00E67E04 /* NESManagedRegistrationSheet.xib in Resources */ = {isa = PBXBuildFile; fileRef = 2A3DE23B2BC97FAC00E67E04 /* NESManagedRegistrationSheet.xib */; };
		2A3DE2732BCB0A4E00E67E04 /* Sparkle in Frameworks */ = {isa = PBXBuildFile; productRef = 2A3DE2722BCB0A4E00E67E04 /* Sparkle */; };
		2AA65C862BCE6E0B000A35CB /* NESPrefsWindowController.m in Sources */ = {isa = PBXBuildFile; fileRef = 2AA65C722BCE6E0B000A35CB /* NESPrefsWindowController.m */; };
		2AA65C872BCE6E0B000A35CB /* NESLocalForwardWindowController.m in Sources */ = {isa = PBXBuildFile; fileRef = 2AA65C742BCE6E0B000A35CB /* NESLocalForwardWindowController.m */; };
		2AA65C882BCE6E0B000A35CB /* NESConnectionWindowController.m in Sources */ = {isa = PBXBuildFile; fileRef = 2AA65C762BCE6E0B000A35CB /* NESConnectionWindowController.m */; };
		2AA65C892BCE6E0B000A35CB /* NESSelectHostnameScriptDelegate.m in Sources */ = {isa = PBXBuildFile; fileRef = 2AA65C792BCE6E0B000A35CB /* NESSelectHostnameScriptDelegate.m */; };
		2AA65C8A2BCE6E0B000A35CB /* NESSelectIdentityDelegate.m in Sources */ = {isa = PBXBuildFile; fileRef = 2AA65C7B2BCE6E0B000A35CB /* NESSelectIdentityDelegate.m */; };
		2AA65C8B2BCE6E0B000A35CB /* NESRemoteForwardWindowController.m in Sources */ = {isa = PBXBuildFile; fileRef = 2AA65C7E2BCE6E0B000A35CB /* NESRemoteForwardWindowController.m */; };
		2AA65C8C2BCE6E0B000A35CB /* NESManagedConnectionWindowController.m in Sources */ = {isa = PBXBuildFile; fileRef = 2AA65C802BCE6E0B000A35CB /* NESManagedConnectionWindowController.m */; };
		2AA65C8D2BCE6E0B000A35CB /* NESProxyWindowController.m in Sources */ = {isa = PBXBuildFile; fileRef = 2AA65C812BCE6E0B000A35CB /* NESProxyWindowController.m */; };
		2AA65C8E2BCE6E0B000A35CB /* NESGeneralViewController.m in Sources */ = {isa = PBXBuildFile; fileRef = 2AA65C822BCE6E0B000A35CB /* NESGeneralViewController.m */; };
		2AA65C8F2BCE6E0B000A35CB /* NESConnectionCellView.m in Sources */ = {isa = PBXBuildFile; fileRef = 2AA65C842BCE6E0B000A35CB /* NESConnectionCellView.m */; };
		2AA65C902BCE6E0B000A35CB /* NESConnectionViewController.m in Sources */ = {isa = PBXBuildFile; fileRef = 2AA65C852BCE6E0B000A35CB /* NESConnectionViewController.m */; };
		2AA65C9F2BCE6E81000A35CB /* NESAppConfig.m in Sources */ = {isa = PBXBuildFile; fileRef = 2AA65C922BCE6E81000A35CB /* NESAppConfig.m */; };
		2AA65CA02BCE6E81000A35CB /* NESConnection.m in Sources */ = {isa = PBXBuildFile; fileRef = 2AA65C952BCE6E81000A35CB /* NESConnection.m */; };
		2AA65CA12BCE6E81000A35CB /* NESGetScriptOutput.m in Sources */ = {isa = PBXBuildFile; fileRef = 2AA65C962BCE6E81000A35CB /* NESGetScriptOutput.m */; };
		2AA65CA22BCE6E81000A35CB /* NESManagedConnection.m in Sources */ = {isa = PBXBuildFile; fileRef = 2AA65C992BCE6E81000A35CB /* NESManagedConnection.m */; };
		2AA65CA32BCE6E81000A35CB /* NESKeychain.m in Sources */ = {isa = PBXBuildFile; fileRef = 2AA65C9B2BCE6E81000A35CB /* NESKeychain.m */; };
		2AA65CA42BCE6E81000A35CB /* NESConnectionProcess.m in Sources */ = {isa = PBXBuildFile; fileRef = 2AA65C9D2BCE6E81000A35CB /* NESConnectionProcess.m */; };
		2AA65CA52BCE6E82000A35CB /* NESConnectionManager.m in Sources */ = {isa = PBXBuildFile; fileRef = 2AA65C9E2BCE6E81000A35CB /* NESConnectionManager.m */; };
		2AA65CBD2BCE6EF5000A35CB /* NESManagedRegistrationSheet.m in Sources */ = {isa = PBXBuildFile; fileRef = 2AA65CA62BCE6EF4000A35CB /* NESManagedRegistrationSheet.m */; };
		2AA65CBE2BCE6EF5000A35CB /* NESPopoverButton.m in Sources */ = {isa = PBXBuildFile; fileRef = 2AA65CA92BCE6EF4000A35CB /* NESPopoverButton.m */; };
		2AA65CBF2BCE6EF5000A35CB /* NESPopoverTextFieldButton.m in Sources */ = {isa = PBXBuildFile; fileRef = 2AA65CAA2BCE6EF4000A35CB /* NESPopoverTextFieldButton.m */; };
		2AA65CC02BCE6EF5000A35CB /* NESPopoverTextFieldCell.m in Sources */ = {isa = PBXBuildFile; fileRef = 2AA65CAB2BCE6EF4000A35CB /* NESPopoverTextFieldCell.m */; };
		2AA65CC12BCE6EF5000A35CB /* NESEmptyView.m in Sources */ = {isa = PBXBuildFile; fileRef = 2AA65CAC2BCE6EF4000A35CB /* NESEmptyView.m */; };
		2AA65CC22BCE6EF5000A35CB /* NESConfirmationDialogWindowController.m in Sources */ = {isa = PBXBuildFile; fileRef = 2AA65CB02BCE6EF4000A35CB /* NESConfirmationDialogWindowController.m */; };
		2AA65CC32BCE6EF5000A35CB /* NESConfirmationSheet.m in Sources */ = {isa = PBXBuildFile; fileRef = 2AA65CB42BCE6EF4000A35CB /* NESConfirmationSheet.m */; };
		2AA65CC42BCE6EF5000A35CB /* NESMenuIconController.m in Sources */ = {isa = PBXBuildFile; fileRef = 2AA65CB52BCE6EF5000A35CB /* NESMenuIconController.m */; };
		2AA65CC52BCE6EF5000A35CB /* FilterBarView.m in Sources */ = {isa = PBXBuildFile; fileRef = 2AA65CB82BCE6EF5000A35CB /* FilterBarView.m */; };
		2AA65CC62BCE6EF5000A35CB /* NESPopoverTextField.m in Sources */ = {isa = PBXBuildFile; fileRef = 2AA65CBA2BCE6EF5000A35CB /* NESPopoverTextField.m */; };
		2AA65CC72BCE6EF5000A35CB /* NESAdminPasswordDialogWindowController.m in Sources */ = {isa = PBXBuildFile; fileRef = 2AA65CBB2BCE6EF5000A35CB /* NESAdminPasswordDialogWindowController.m */; };
		2AA65CD42BCE6F60000A35CB /* SocketIO.m in Sources */ = {isa = PBXBuildFile; fileRef = 2AA65CC82BCE6F60000A35CB /* SocketIO.m */; };
		2AA65CD52BCE6F60000A35CB /* SocketIOTransportWebsocket.m in Sources */ = {isa = PBXBuildFile; fileRef = 2AA65CCA2BCE6F60000A35CB /* SocketIOTransportWebsocket.m */; };
		2AA65CD62BCE6F60000A35CB /* SocketIOJSONSerialization.m in Sources */ = {isa = PBXBuildFile; fileRef = 2AA65CCE2BCE6F60000A35CB /* SocketIOJSONSerialization.m */; };
		2AA65CD72BCE6F60000A35CB /* LICENSE in Resources */ = {isa = PBXBuildFile; fileRef = 2AA65CCF2BCE6F60000A35CB /* LICENSE */; };
		2AA65CD82BCE6F60000A35CB /* SocketIOPacket.m in Sources */ = {isa = PBXBuildFile; fileRef = 2AA65CD02BCE6F60000A35CB /* SocketIOPacket.m */; };
		2AA65CD92BCE6F60000A35CB /* SocketIOTransportXHR.m in Sources */ = {isa = PBXBuildFile; fileRef = 2AA65CD32BCE6F60000A35CB /* SocketIOTransportXHR.m */; };
		2AA65CDC2BCE6FC1000A35CB /* Log.m in Sources */ = {isa = PBXBuildFile; fileRef = 2AA65CDB2BCE6FC1000A35CB /* Log.m */; };
		2AA65CE02BCE6FFF000A35CB /* corkscrew_x86 in Resources */ = {isa = PBXBuildFile; fileRef = 2AA65CDD2BCE6FFF000A35CB /* corkscrew_x86 */; };
		2AA65CE12BCE6FFF000A35CB /* corkscrew in Resources */ = {isa = PBXBuildFile; fileRef = 2AA65CDE2BCE6FFF000A35CB /* corkscrew */; };
		2AA65CE22BCE6FFF000A35CB /* corkscrew_arm in Resources */ = {isa = PBXBuildFile; fileRef = 2AA65CDF2BCE6FFF000A35CB /* corkscrew_arm */; };
		2AA65CE52BCE7033000A35CB /* NESUser.m in Sources */ = {isa = PBXBuildFile; fileRef = 2AA65CE32BCE7033000A35CB /* NESUser.m */; };
		2AA65CF02BCE71ED000A35CB /* NESController.m in Sources */ = {isa = PBXBuildFile; fileRef = 2AA65CEE2BCE71ED000A35CB /* NESController.m */; };
		2AA65CF12BCE71ED000A35CB /* NESAppDelegate.m in Sources */ = {isa = PBXBuildFile; fileRef = 2AA65CEF2BCE71ED000A35CB /* NESAppDelegate.m */; };
		2AA65CF32BCE720C000A35CB /* main.m in Sources */ = {isa = PBXBuildFile; fileRef = 2AA65CF22BCE720C000A35CB /* main.m */; };
/* End PBXBuildFile section */

/* Begin PBXContainerItemProxy section */
		223582F91AA272F9005141B6 /* PBXContainerItemProxy */ = {
			isa = PBXContainerItemProxy;
			containerPortal = 228FC4101A8ABD85000BEC34 /* SocketRocket.xcodeproj */;
			proxyType = 1;
			remoteGlobalIDString = F668C87F153E91210044DBAC;
			remoteInfo = SocketRocketOSX;
		};
		228FC4171A8ABD85000BEC34 /* PBXContainerItemProxy */ = {
			isa = PBXContainerItemProxy;
			containerPortal = 228FC4101A8ABD85000BEC34 /* SocketRocket.xcodeproj */;
			proxyType = 2;
			remoteGlobalIDString = F6B2082D1450F597009315AF;
			remoteInfo = SocketRocket;
		};
		228FC4191A8ABD85000BEC34 /* PBXContainerItemProxy */ = {
			isa = PBXContainerItemProxy;
			containerPortal = 228FC4101A8ABD85000BEC34 /* SocketRocket.xcodeproj */;
			proxyType = 2;
			remoteGlobalIDString = F668C880153E91210044DBAC;
			remoteInfo = SocketRocketOSX;
		};
		228FC41B1A8ABD85000BEC34 /* PBXContainerItemProxy */ = {
			isa = PBXContainerItemProxy;
			containerPortal = 228FC4101A8ABD85000BEC34 /* SocketRocket.xcodeproj */;
			proxyType = 2;
			remoteGlobalIDString = F6BDA802145900D200FE3253;
			remoteInfo = SRWebSocketTests;
		};
		228FC41D1A8ABD85000BEC34 /* PBXContainerItemProxy */ = {
			isa = PBXContainerItemProxy;
			containerPortal = 228FC4101A8ABD85000BEC34 /* SocketRocket.xcodeproj */;
			proxyType = 2;
			remoteGlobalIDString = F62417E314D52F3C003CE997;
			remoteInfo = TestChat;
		};
/* End PBXContainerItemProxy section */

/* Begin PBXCopyFilesBuildPhase section */
		227E54941AA2785800DF77AC /* CopyFiles */ = {
			isa = PBXCopyFilesBuildPhase;
			buildActionMask = 2147483647;
			dstPath = "";
			dstSubfolderSpec = 10;
			files = (
				227E54951AA2786100DF77AC /* SocketRocket.framework in CopyFiles */,
			);
			runOnlyForDeploymentPostprocessing = 0;
		};
/* End PBXCopyFilesBuildPhase section */

/* Begin PBXFileReference section */
		224200A21A93D49300D0E56A /* home-sharing_helper.exp */ = {isa = PBXFileReference; lastKnownFileType = sourcecode.exports; path = "home-sharing_helper.exp"; sourceTree = "<group>"; };
		22575C5218AC267E00B00006 /* ssh_manager.exp */ = {isa = PBXFileReference; explicitFileType = text.script.sh; fileEncoding = 4; name = ssh_manager.exp; path = ../ssh_manager.exp; sourceTree = "<group>"; };
		2266BEB318AADCFF00F4ED58 /* Collaboration.framework */ = {isa = PBXFileReference; lastKnownFileType = wrapper.framework; name = Collaboration.framework; path = System/Library/Frameworks/Collaboration.framework; sourceTree = SDKROOT; };
		2275989A189DC08700E42ADD /* Security.framework */ = {isa = PBXFileReference; lastKnownFileType = wrapper.framework; name = Security.framework; path = System/Library/Frameworks/Security.framework; sourceTree = SDKROOT; };
		228FC4101A8ABD85000BEC34 /* SocketRocket.xcodeproj */ = {isa = PBXFileReference; lastKnownFileType = "wrapper.pb-project"; name = SocketRocket.xcodeproj; path = SocketRocket/SocketRocket.xcodeproj; sourceTree = SOURCE_ROOT; };
		228FC4201A8AC372000BEC34 /* SystemConfiguration.framework */ = {isa = PBXFileReference; lastKnownFileType = wrapper.framework; name = SystemConfiguration.framework; path = Platforms/MacOSX.platform/Developer/SDKs/MacOSX10.9.sdk/System/Library/Frameworks/SystemConfiguration.framework; sourceTree = DEVELOPER_DIR; };
		229803A8187F345C00B704DD /* Secure Pipes.app */ = {isa = PBXFileReference; explicitFileType = wrapper.application; includeInIndex = 0; path = "Secure Pipes.app"; sourceTree = BUILT_PRODUCTS_DIR; };
		229803AB187F345C00B704DD /* Cocoa.framework */ = {isa = PBXFileReference; lastKnownFileType = wrapper.framework; name = Cocoa.framework; path = System/Library/Frameworks/Cocoa.framework; sourceTree = SDKROOT; };
		229803AE187F345C00B704DD /* AppKit.framework */ = {isa = PBXFileReference; lastKnownFileType = wrapper.framework; name = AppKit.framework; path = System/Library/Frameworks/AppKit.framework; sourceTree = SDKROOT; };
		229803AF187F345C00B704DD /* CoreData.framework */ = {isa = PBXFileReference; lastKnownFileType = wrapper.framework; name = CoreData.framework; path = System/Library/Frameworks/CoreData.framework; sourceTree = SDKROOT; };
		229803B0187F345C00B704DD /* Foundation.framework */ = {isa = PBXFileReference; lastKnownFileType = wrapper.framework; name = Foundation.framework; path = System/Library/Frameworks/Foundation.framework; sourceTree = SDKROOT; };
		229803B3187F345C00B704DD /* Secure Pipes-Info.plist */ = {isa = PBXFileReference; lastKnownFileType = text.plist.xml; path = "Secure Pipes-Info.plist"; sourceTree = "<group>"; };
		229803B5187F345C00B704DD /* en */ = {isa = PBXFileReference; lastKnownFileType = text.plist.strings; name = en; path = en.lproj/InfoPlist.strings; sourceTree = "<group>"; };
		229803B9187F345C00B704DD /* Secure Pipes-Prefix.pch */ = {isa = PBXFileReference; lastKnownFileType = sourcecode.c.h; path = "Secure Pipes-Prefix.pch"; sourceTree = "<group>"; };
		229803BB187F345C00B704DD /* en */ = {isa = PBXFileReference; lastKnownFileType = text.rtf; name = en; path = en.lproj/Credits.rtf; sourceTree = "<group>"; };
		229803C4187F345C00B704DD /* Secure_Pipes.xcdatamodel */ = {isa = PBXFileReference; lastKnownFileType = wrapper.xcdatamodel; path = Secure_Pipes.xcdatamodel; sourceTree = "<group>"; };
		229803C6187F345C00B704DD /* Images.xcassets */ = {isa = PBXFileReference; lastKnownFileType = folder.assetcatalog; path = Images.xcassets; sourceTree = "<group>"; };
		22AB38AA1A117A150030926C /* proxy_helper.sh */ = {isa = PBXFileReference; lastKnownFileType = text.script.sh; path = proxy_helper.sh; sourceTree = "<group>"; };
		22B6B4C32432465E00FC75A0 /* Secure Pipes.entitlements */ = {isa = PBXFileReference; lastKnownFileType = text.plist.entitlements; path = "Secure Pipes.entitlements"; sourceTree = "<group>"; };
		22E8C2E418A67E7000506AB8 /* getopt.tcl */ = {isa = PBXFileReference; lastKnownFileType = text; name = getopt.tcl; path = ../getopt.tcl; sourceTree = "<group>"; };
		2A2D12482BCB0EBC0042DEEA /* Localizable.strings */ = {isa = PBXFileReference; fileEncoding = 4; lastKnownFileType = text.plist.strings; path = Localizable.strings; sourceTree = "<group>"; };
		2A2D12542BCD34710042DEEA /* secure-pipes.html */ = {isa = PBXFileReference; fileEncoding = 4; lastKnownFileType = text.html; path = "secure-pipes.html"; sourceTree = "<group>"; };
		2A3DE1FE2BC960A500E67E04 /* Base */ = {isa = PBXFileReference; lastKnownFileType = file.xib; name = Base; path = Base.lproj/MainMenu.xib; sourceTree = "<group>"; };
		2A3DE2032BC966E400E67E04 /* de */ = {isa = PBXFileReference; lastKnownFileType = text.plist.strings; name = de; path = de.lproj/MainMenu.strings; sourceTree = "<group>"; };
		2A3DE2042BC9674D00E67E04 /* Base */ = {isa = PBXFileReference; lastKnownFileType = file.xib; name = Base; path = "Base.lproj/Prefs Window.xib"; sourceTree = "<group>"; };
		2A3DE2082BC9675B00E67E04 /* Base */ = {isa = PBXFileReference; lastKnownFileType = file.xib; name = Base; path = "Base.lproj/Connection View.xib"; sourceTree = "<group>"; };
		2A3DE20B2BC9675B00E67E04 /* mul */ = {isa = PBXFileReference; lastKnownFileType = text.json.xcstrings; name = mul; path = "mul.lproj/Connection View.xcstrings"; sourceTree = "<group>"; };
		2A3DE20C2BC9676000E67E04 /* Base */ = {isa = PBXFileReference; lastKnownFileType = file.xib; name = Base; path = Base.lproj/LocalForwardWindow.xib; sourceTree = "<group>"; };
		2A3DE20F2BC9676000E67E04 /* mul */ = {isa = PBXFileReference; lastKnownFileType = text.json.xcstrings; name = mul; path = mul.lproj/LocalForwardWindow.xcstrings; sourceTree = "<group>"; };
		2A3DE2102BC9676400E67E04 /* Base */ = {isa = PBXFileReference; lastKnownFileType = file.xib; name = Base; path = Base.lproj/RemoteForwardWindow.xib; sourceTree = "<group>"; };
		2A3DE2132BC9676400E67E04 /* mul */ = {isa = PBXFileReference; lastKnownFileType = text.json.xcstrings; name = mul; path = mul.lproj/RemoteForwardWindow.xcstrings; sourceTree = "<group>"; };
		2A3DE2142BC9676800E67E04 /* Base */ = {isa = PBXFileReference; lastKnownFileType = file.xib; name = Base; path = Base.lproj/ProxyWindow.xib; sourceTree = "<group>"; };
		2A3DE2172BC9676800E67E04 /* mul */ = {isa = PBXFileReference; lastKnownFileType = text.json.xcstrings; name = mul; path = mul.lproj/ProxyWindow.xcstrings; sourceTree = "<group>"; };
		2A3DE21C2BC9677000E67E04 /* Base */ = {isa = PBXFileReference; lastKnownFileType = file.xib; name = Base; path = "Base.lproj/General View.xib"; sourceTree = "<group>"; };
		2A3DE21F2BC9677000E67E04 /* mul */ = {isa = PBXFileReference; lastKnownFileType = text.json.xcstrings; name = mul; path = "mul.lproj/General View.xcstrings"; sourceTree = "<group>"; };
		2A3DE2202BC9677300E67E04 /* Base */ = {isa = PBXFileReference; lastKnownFileType = file.xib; name = Base; path = "Base.lproj/Info View.xib"; sourceTree = "<group>"; };
		2A3DE2232BC9677300E67E04 /* mul */ = {isa = PBXFileReference; lastKnownFileType = text.json.xcstrings; name = mul; path = "mul.lproj/Info View.xcstrings"; sourceTree = "<group>"; };
		2A3DE22E2BC97F9E00E67E04 /* Base */ = {isa = PBXFileReference; lastKnownFileType = file.xib; name = Base; path = Base.lproj/NESAdminPasswordDialog.xib; sourceTree = "<group>"; };
		2A3DE2312BC97F9E00E67E04 /* mul */ = {isa = PBXFileReference; lastKnownFileType = text.json.xcstrings; name = mul; path = mul.lproj/NESAdminPasswordDialog.xcstrings; sourceTree = "<group>"; };
		2A3DE2322BC97FA200E67E04 /* Base */ = {isa = PBXFileReference; lastKnownFileType = file.xib; name = Base; path = Base.lproj/NESConfirmationDialogWindow.xib; sourceTree = "<group>"; };
		2A3DE2352BC97FA200E67E04 /* mul */ = {isa = PBXFileReference; lastKnownFileType = text.json.xcstrings; name = mul; path = mul.lproj/NESConfirmationDialogWindow.xcstrings; sourceTree = "<group>"; };
		2A3DE2362BC97FA700E67E04 /* Base */ = {isa = PBXFileReference; lastKnownFileType = file.xib; name = Base; path = Base.lproj/ConfirmationSheet.xib; sourceTree = "<group>"; };
		2A3DE2392BC97FA700E67E04 /* mul */ = {isa = PBXFileReference; lastKnownFileType = text.json.xcstrings; name = mul; path = mul.lproj/ConfirmationSheet.xcstrings; sourceTree = "<group>"; };
		2A3DE23A2BC97FAC00E67E04 /* Base */ = {isa = PBXFileReference; lastKnownFileType = file.xib; name = Base; path = Base.lproj/NESManagedRegistrationSheet.xib; sourceTree = "<group>"; };
		2A3DE23D2BC97FAC00E67E04 /* mul */ = {isa = PBXFileReference; lastKnownFileType = text.json.xcstrings; name = mul; path = mul.lproj/NESManagedRegistrationSheet.xcstrings; sourceTree = "<group>"; };
		2AA65C702BCE6E0B000A35CB /* NESPrefsWindowController.h */ = {isa = PBXFileReference; fileEncoding = 4; lastKnownFileType = sourcecode.c.h; name = NESPrefsWindowController.h; path = "Prefs Window/NESPrefsWindowController.h"; sourceTree = "<group>"; };
		2AA65C712BCE6E0B000A35CB /* NESManagedConnectionWindowController.h */ = {isa = PBXFileReference; fileEncoding = 4; lastKnownFileType = sourcecode.c.h; name = NESManagedConnectionWindowController.h; path = "Prefs Window/NESManagedConnectionWindowController.h"; sourceTree = "<group>"; };
		2AA65C722BCE6E0B000A35CB /* NESPrefsWindowController.m */ = {isa = PBXFileReference; fileEncoding = 4; lastKnownFileType = sourcecode.c.objc; name = NESPrefsWindowController.m; path = "Prefs Window/NESPrefsWindowController.m"; sourceTree = "<group>"; };
		2AA65C732BCE6E0B000A35CB /* NESGeneralViewController.h */ = {isa = PBXFileReference; fileEncoding = 4; lastKnownFileType = sourcecode.c.h; name = NESGeneralViewController.h; path = "Prefs Window/NESGeneralViewController.h"; sourceTree = "<group>"; };
		2AA65C742BCE6E0B000A35CB /* NESLocalForwardWindowController.m */ = {isa = PBXFileReference; fileEncoding = 4; lastKnownFileType = sourcecode.c.objc; name = NESLocalForwardWindowController.m; path = "Prefs Window/NESLocalForwardWindowController.m"; sourceTree = "<group>"; };
		2AA65C752BCE6E0B000A35CB /* NESLocalForwardWindowController.h */ = {isa = PBXFileReference; fileEncoding = 4; lastKnownFileType = sourcecode.c.h; name = NESLocalForwardWindowController.h; path = "Prefs Window/NESLocalForwardWindowController.h"; sourceTree = "<group>"; };
		2AA65C762BCE6E0B000A35CB /* NESConnectionWindowController.m */ = {isa = PBXFileReference; fileEncoding = 4; lastKnownFileType = sourcecode.c.objc; name = NESConnectionWindowController.m; path = "Prefs Window/NESConnectionWindowController.m"; sourceTree = "<group>"; };
		2AA65C772BCE6E0B000A35CB /* NESConnectionWindowController.h */ = {isa = PBXFileReference; fileEncoding = 4; lastKnownFileType = sourcecode.c.h; name = NESConnectionWindowController.h; path = "Prefs Window/NESConnectionWindowController.h"; sourceTree = "<group>"; };
		2AA65C782BCE6E0B000A35CB /* NESProxyWindowController.h */ = {isa = PBXFileReference; fileEncoding = 4; lastKnownFileType = sourcecode.c.h; name = NESProxyWindowController.h; path = "Prefs Window/NESProxyWindowController.h"; sourceTree = "<group>"; };
		2AA65C792BCE6E0B000A35CB /* NESSelectHostnameScriptDelegate.m */ = {isa = PBXFileReference; fileEncoding = 4; lastKnownFileType = sourcecode.c.objc; name = NESSelectHostnameScriptDelegate.m; path = "Prefs Window/NESSelectHostnameScriptDelegate.m"; sourceTree = "<group>"; };
		2AA65C7A2BCE6E0B000A35CB /* NESSelectIdentityDelegate.h */ = {isa = PBXFileReference; fileEncoding = 4; lastKnownFileType = sourcecode.c.h; name = NESSelectIdentityDelegate.h; path = "Prefs Window/NESSelectIdentityDelegate.h"; sourceTree = "<group>"; };
		2AA65C7B2BCE6E0B000A35CB /* NESSelectIdentityDelegate.m */ = {isa = PBXFileReference; fileEncoding = 4; lastKnownFileType = sourcecode.c.objc; name = NESSelectIdentityDelegate.m; path = "Prefs Window/NESSelectIdentityDelegate.m"; sourceTree = "<group>"; };
		2AA65C7C2BCE6E0B000A35CB /* NESSelectHostnameScriptDelegate.h */ = {isa = PBXFileReference; fileEncoding = 4; lastKnownFileType = sourcecode.c.h; name = NESSelectHostnameScriptDelegate.h; path = "Prefs Window/NESSelectHostnameScriptDelegate.h"; sourceTree = "<group>"; };
		2AA65C7D2BCE6E0B000A35CB /* NESRemoteForwardWindowController.h */ = {isa = PBXFileReference; fileEncoding = 4; lastKnownFileType = sourcecode.c.h; name = NESRemoteForwardWindowController.h; path = "Prefs Window/NESRemoteForwardWindowController.h"; sourceTree = "<group>"; };
		2AA65C7E2BCE6E0B000A35CB /* NESRemoteForwardWindowController.m */ = {isa = PBXFileReference; fileEncoding = 4; lastKnownFileType = sourcecode.c.objc; name = NESRemoteForwardWindowController.m; path = "Prefs Window/NESRemoteForwardWindowController.m"; sourceTree = "<group>"; };
		2AA65C7F2BCE6E0B000A35CB /* NESConnectionViewController.h */ = {isa = PBXFileReference; fileEncoding = 4; lastKnownFileType = sourcecode.c.h; name = NESConnectionViewController.h; path = "Prefs Window/NESConnectionViewController.h"; sourceTree = "<group>"; };
		2AA65C802BCE6E0B000A35CB /* NESManagedConnectionWindowController.m */ = {isa = PBXFileReference; fileEncoding = 4; lastKnownFileType = sourcecode.c.objc; name = NESManagedConnectionWindowController.m; path = "Prefs Window/NESManagedConnectionWindowController.m"; sourceTree = "<group>"; };
		2AA65C812BCE6E0B000A35CB /* NESProxyWindowController.m */ = {isa = PBXFileReference; fileEncoding = 4; lastKnownFileType = sourcecode.c.objc; name = NESProxyWindowController.m; path = "Prefs Window/NESProxyWindowController.m"; sourceTree = "<group>"; };
		2AA65C822BCE6E0B000A35CB /* NESGeneralViewController.m */ = {isa = PBXFileReference; fileEncoding = 4; lastKnownFileType = sourcecode.c.objc; name = NESGeneralViewController.m; path = "Prefs Window/NESGeneralViewController.m"; sourceTree = "<group>"; };
		2AA65C832BCE6E0B000A35CB /* NESConnectionCellView.h */ = {isa = PBXFileReference; fileEncoding = 4; lastKnownFileType = sourcecode.c.h; name = NESConnectionCellView.h; path = "Prefs Window/NESConnectionCellView.h"; sourceTree = "<group>"; };
		2AA65C842BCE6E0B000A35CB /* NESConnectionCellView.m */ = {isa = PBXFileReference; fileEncoding = 4; lastKnownFileType = sourcecode.c.objc; name = NESConnectionCellView.m; path = "Prefs Window/NESConnectionCellView.m"; sourceTree = "<group>"; };
		2AA65C852BCE6E0B000A35CB /* NESConnectionViewController.m */ = {isa = PBXFileReference; fileEncoding = 4; lastKnownFileType = sourcecode.c.objc; name = NESConnectionViewController.m; path = "Prefs Window/NESConnectionViewController.m"; sourceTree = "<group>"; };
		2AA65C912BCE6E81000A35CB /* NESAppConfig.h */ = {isa = PBXFileReference; fileEncoding = 4; lastKnownFileType = sourcecode.c.h; name = NESAppConfig.h; path = Model/NESAppConfig.h; sourceTree = "<group>"; };
		2AA65C922BCE6E81000A35CB /* NESAppConfig.m */ = {isa = PBXFileReference; fileEncoding = 4; lastKnownFileType = sourcecode.c.objc; name = NESAppConfig.m; path = Model/NESAppConfig.m; sourceTree = "<group>"; };
		2AA65C932BCE6E81000A35CB /* NESConnection.h */ = {isa = PBXFileReference; fileEncoding = 4; lastKnownFileType = sourcecode.c.h; name = NESConnection.h; path = Model/NESConnection.h; sourceTree = "<group>"; };
		2AA65C942BCE6E81000A35CB /* NESConnectionManager.h */ = {isa = PBXFileReference; fileEncoding = 4; lastKnownFileType = sourcecode.c.h; name = NESConnectionManager.h; path = Model/NESConnectionManager.h; sourceTree = "<group>"; };
		2AA65C952BCE6E81000A35CB /* NESConnection.m */ = {isa = PBXFileReference; fileEncoding = 4; lastKnownFileType = sourcecode.c.objc; name = NESConnection.m; path = Model/NESConnection.m; sourceTree = "<group>"; };
		2AA65C962BCE6E81000A35CB /* NESGetScriptOutput.m */ = {isa = PBXFileReference; fileEncoding = 4; lastKnownFileType = sourcecode.c.objc; name = NESGetScriptOutput.m; path = Model/NESGetScriptOutput.m; sourceTree = "<group>"; };
		2AA65C972BCE6E81000A35CB /* NESManagedConnection.h */ = {isa = PBXFileReference; fileEncoding = 4; lastKnownFileType = sourcecode.c.h; name = NESManagedConnection.h; path = Model/NESManagedConnection.h; sourceTree = "<group>"; };
		2AA65C982BCE6E81000A35CB /* NESConnectionProcess.h */ = {isa = PBXFileReference; fileEncoding = 4; lastKnownFileType = sourcecode.c.h; name = NESConnectionProcess.h; path = Model/NESConnectionProcess.h; sourceTree = "<group>"; };
		2AA65C992BCE6E81000A35CB /* NESManagedConnection.m */ = {isa = PBXFileReference; fileEncoding = 4; lastKnownFileType = sourcecode.c.objc; name = NESManagedConnection.m; path = Model/NESManagedConnection.m; sourceTree = "<group>"; };
		2AA65C9A2BCE6E81000A35CB /* NESKeychain.h */ = {isa = PBXFileReference; fileEncoding = 4; lastKnownFileType = sourcecode.c.h; name = NESKeychain.h; path = Model/NESKeychain.h; sourceTree = "<group>"; };
		2AA65C9B2BCE6E81000A35CB /* NESKeychain.m */ = {isa = PBXFileReference; fileEncoding = 4; lastKnownFileType = sourcecode.c.objc; name = NESKeychain.m; path = Model/NESKeychain.m; sourceTree = "<group>"; };
		2AA65C9C2BCE6E81000A35CB /* NESGetScriptOutput.h */ = {isa = PBXFileReference; fileEncoding = 4; lastKnownFileType = sourcecode.c.h; name = NESGetScriptOutput.h; path = Model/NESGetScriptOutput.h; sourceTree = "<group>"; };
		2AA65C9D2BCE6E81000A35CB /* NESConnectionProcess.m */ = {isa = PBXFileReference; fileEncoding = 4; lastKnownFileType = sourcecode.c.objc; name = NESConnectionProcess.m; path = Model/NESConnectionProcess.m; sourceTree = "<group>"; };
		2AA65C9E2BCE6E81000A35CB /* NESConnectionManager.m */ = {isa = PBXFileReference; fileEncoding = 4; lastKnownFileType = sourcecode.c.objc; name = NESConnectionManager.m; path = Model/NESConnectionManager.m; sourceTree = "<group>"; };
		2AA65CA62BCE6EF4000A35CB /* NESManagedRegistrationSheet.m */ = {isa = PBXFileReference; fileEncoding = 4; lastKnownFileType = sourcecode.c.objc; name = NESManagedRegistrationSheet.m; path = UIElements/NESManagedRegistrationSheet.m; sourceTree = "<group>"; };
		2AA65CA72BCE6EF4000A35CB /* NESAdminPasswordDialogWindowController.h */ = {isa = PBXFileReference; fileEncoding = 4; lastKnownFileType = sourcecode.c.h; name = NESAdminPasswordDialogWindowController.h; path = UIElements/NESAdminPasswordDialogWindowController.h; sourceTree = "<group>"; };
		2AA65CA82BCE6EF4000A35CB /* NESEmptyView.h */ = {isa = PBXFileReference; fileEncoding = 4; lastKnownFileType = sourcecode.c.h; name = NESEmptyView.h; path = UIElements/NESEmptyView.h; sourceTree = "<group>"; };
		2AA65CA92BCE6EF4000A35CB /* NESPopoverButton.m */ = {isa = PBXFileReference; fileEncoding = 4; lastKnownFileType = sourcecode.c.objc; name = NESPopoverButton.m; path = UIElements/NESPopoverButton.m; sourceTree = "<group>"; };
		2AA65CAA2BCE6EF4000A35CB /* NESPopoverTextFieldButton.m */ = {isa = PBXFileReference; fileEncoding = 4; lastKnownFileType = sourcecode.c.objc; name = NESPopoverTextFieldButton.m; path = UIElements/NESPopoverTextFieldButton.m; sourceTree = "<group>"; };
		2AA65CAB2BCE6EF4000A35CB /* NESPopoverTextFieldCell.m */ = {isa = PBXFileReference; fileEncoding = 4; lastKnownFileType = sourcecode.c.objc; name = NESPopoverTextFieldCell.m; path = UIElements/NESPopoverTextFieldCell.m; sourceTree = "<group>"; };
		2AA65CAC2BCE6EF4000A35CB /* NESEmptyView.m */ = {isa = PBXFileReference; fileEncoding = 4; lastKnownFileType = sourcecode.c.objc; name = NESEmptyView.m; path = UIElements/NESEmptyView.m; sourceTree = "<group>"; };
		2AA65CAD2BCE6EF4000A35CB /* NESPopoverTextFieldCell.h */ = {isa = PBXFileReference; fileEncoding = 4; lastKnownFileType = sourcecode.c.h; name = NESPopoverTextFieldCell.h; path = UIElements/NESPopoverTextFieldCell.h; sourceTree = "<group>"; };
		2AA65CAE2BCE6EF4000A35CB /* NESConfirmationDialogWindowController.h */ = {isa = PBXFileReference; fileEncoding = 4; lastKnownFileType = sourcecode.c.h; name = NESConfirmationDialogWindowController.h; path = UIElements/NESConfirmationDialogWindowController.h; sourceTree = "<group>"; };
		2AA65CAF2BCE6EF4000A35CB /* NESPopoverTextFieldButton.h */ = {isa = PBXFileReference; fileEncoding = 4; lastKnownFileType = sourcecode.c.h; name = NESPopoverTextFieldButton.h; path = UIElements/NESPopoverTextFieldButton.h; sourceTree = "<group>"; };
		2AA65CB02BCE6EF4000A35CB /* NESConfirmationDialogWindowController.m */ = {isa = PBXFileReference; fileEncoding = 4; lastKnownFileType = sourcecode.c.objc; name = NESConfirmationDialogWindowController.m; path = UIElements/NESConfirmationDialogWindowController.m; sourceTree = "<group>"; };
		2AA65CB12BCE6EF4000A35CB /* FilterBarView.h */ = {isa = PBXFileReference; fileEncoding = 4; lastKnownFileType = sourcecode.c.h; name = FilterBarView.h; path = UIElements/FilterBarView.h; sourceTree = "<group>"; };
		2AA65CB22BCE6EF4000A35CB /* NESManagedRegistrationSheet.h */ = {isa = PBXFileReference; fileEncoding = 4; lastKnownFileType = sourcecode.c.h; name = NESManagedRegistrationSheet.h; path = UIElements/NESManagedRegistrationSheet.h; sourceTree = "<group>"; };
		2AA65CB32BCE6EF4000A35CB /* NESConfirmationSheet.h */ = {isa = PBXFileReference; fileEncoding = 4; lastKnownFileType = sourcecode.c.h; name = NESConfirmationSheet.h; path = UIElements/NESConfirmationSheet.h; sourceTree = "<group>"; };
		2AA65CB42BCE6EF4000A35CB /* NESConfirmationSheet.m */ = {isa = PBXFileReference; fileEncoding = 4; lastKnownFileType = sourcecode.c.objc; name = NESConfirmationSheet.m; path = UIElements/NESConfirmationSheet.m; sourceTree = "<group>"; };
		2AA65CB52BCE6EF5000A35CB /* NESMenuIconController.m */ = {isa = PBXFileReference; fileEncoding = 4; lastKnownFileType = sourcecode.c.objc; name = NESMenuIconController.m; path = UIElements/NESMenuIconController.m; sourceTree = "<group>"; };
		2AA65CB62BCE6EF5000A35CB /* NESPopoverTextField.h */ = {isa = PBXFileReference; fileEncoding = 4; lastKnownFileType = sourcecode.c.h; name = NESPopoverTextField.h; path = UIElements/NESPopoverTextField.h; sourceTree = "<group>"; };
		2AA65CB72BCE6EF5000A35CB /* NESPopoverTextField+FirstResponderNotification.h */ = {isa = PBXFileReference; fileEncoding = 4; lastKnownFileType = sourcecode.c.h; name = "NESPopoverTextField+FirstResponderNotification.h"; path = "UIElements/NESPopoverTextField+FirstResponderNotification.h"; sourceTree = "<group>"; };
		2AA65CB82BCE6EF5000A35CB /* FilterBarView.m */ = {isa = PBXFileReference; fileEncoding = 4; lastKnownFileType = sourcecode.c.objc; name = FilterBarView.m; path = UIElements/FilterBarView.m; sourceTree = "<group>"; };
		2AA65CB92BCE6EF5000A35CB /* NESPopoverButton.h */ = {isa = PBXFileReference; fileEncoding = 4; lastKnownFileType = sourcecode.c.h; name = NESPopoverButton.h; path = UIElements/NESPopoverButton.h; sourceTree = "<group>"; };
		2AA65CBA2BCE6EF5000A35CB /* NESPopoverTextField.m */ = {isa = PBXFileReference; fileEncoding = 4; lastKnownFileType = sourcecode.c.objc; name = NESPopoverTextField.m; path = UIElements/NESPopoverTextField.m; sourceTree = "<group>"; };
		2AA65CBB2BCE6EF5000A35CB /* NESAdminPasswordDialogWindowController.m */ = {isa = PBXFileReference; fileEncoding = 4; lastKnownFileType = sourcecode.c.objc; name = NESAdminPasswordDialogWindowController.m; path = UIElements/NESAdminPasswordDialogWindowController.m; sourceTree = "<group>"; };
		2AA65CBC2BCE6EF5000A35CB /* NESMenuIconController.h */ = {isa = PBXFileReference; fileEncoding = 4; lastKnownFileType = sourcecode.c.h; name = NESMenuIconController.h; path = UIElements/NESMenuIconController.h; sourceTree = "<group>"; };
		2AA65CC82BCE6F60000A35CB /* SocketIO.m */ = {isa = PBXFileReference; fileEncoding = 4; lastKnownFileType = sourcecode.c.objc; name = SocketIO.m; path = SocketIO/SocketIO.m; sourceTree = "<group>"; };
		2AA65CC92BCE6F60000A35CB /* SocketIO.h */ = {isa = PBXFileReference; fileEncoding = 4; lastKnownFileType = sourcecode.c.h; name = SocketIO.h; path = SocketIO/SocketIO.h; sourceTree = "<group>"; };
		2AA65CCA2BCE6F60000A35CB /* SocketIOTransportWebsocket.m */ = {isa = PBXFileReference; fileEncoding = 4; lastKnownFileType = sourcecode.c.objc; name = SocketIOTransportWebsocket.m; path = SocketIO/SocketIOTransportWebsocket.m; sourceTree = "<group>"; };
		2AA65CCB2BCE6F60000A35CB /* SocketIOTransportWebsocket.h */ = {isa = PBXFileReference; fileEncoding = 4; lastKnownFileType = sourcecode.c.h; name = SocketIOTransportWebsocket.h; path = SocketIO/SocketIOTransportWebsocket.h; sourceTree = "<group>"; };
		2AA65CCC2BCE6F60000A35CB /* SocketIOJSONSerialization.h */ = {isa = PBXFileReference; fileEncoding = 4; lastKnownFileType = sourcecode.c.h; name = SocketIOJSONSerialization.h; path = SocketIO/SocketIOJSONSerialization.h; sourceTree = "<group>"; };
		2AA65CCD2BCE6F60000A35CB /* SocketIOPacket.h */ = {isa = PBXFileReference; fileEncoding = 4; lastKnownFileType = sourcecode.c.h; name = SocketIOPacket.h; path = SocketIO/SocketIOPacket.h; sourceTree = "<group>"; };
		2AA65CCE2BCE6F60000A35CB /* SocketIOJSONSerialization.m */ = {isa = PBXFileReference; fileEncoding = 4; lastKnownFileType = sourcecode.c.objc; name = SocketIOJSONSerialization.m; path = SocketIO/SocketIOJSONSerialization.m; sourceTree = "<group>"; };
		2AA65CCF2BCE6F60000A35CB /* LICENSE */ = {isa = PBXFileReference; fileEncoding = 4; lastKnownFileType = text; name = LICENSE; path = SocketIO/LICENSE; sourceTree = "<group>"; };
		2AA65CD02BCE6F60000A35CB /* SocketIOPacket.m */ = {isa = PBXFileReference; fileEncoding = 4; lastKnownFileType = sourcecode.c.objc; name = SocketIOPacket.m; path = SocketIO/SocketIOPacket.m; sourceTree = "<group>"; };
		2AA65CD12BCE6F60000A35CB /* SocketIOTransport.h */ = {isa = PBXFileReference; fileEncoding = 4; lastKnownFileType = sourcecode.c.h; name = SocketIOTransport.h; path = SocketIO/SocketIOTransport.h; sourceTree = "<group>"; };
		2AA65CD22BCE6F60000A35CB /* SocketIOTransportXHR.h */ = {isa = PBXFileReference; fileEncoding = 4; lastKnownFileType = sourcecode.c.h; name = SocketIOTransportXHR.h; path = SocketIO/SocketIOTransportXHR.h; sourceTree = "<group>"; };
		2AA65CD32BCE6F60000A35CB /* SocketIOTransportXHR.m */ = {isa = PBXFileReference; fileEncoding = 4; lastKnownFileType = sourcecode.c.objc; name = SocketIOTransportXHR.m; path = SocketIO/SocketIOTransportXHR.m; sourceTree = "<group>"; };
		2AA65CDA2BCE6FC1000A35CB /* Log.h */ = {isa = PBXFileReference; fileEncoding = 4; lastKnownFileType = sourcecode.c.h; name = Log.h; path = Log/Log.h; sourceTree = "<group>"; };
		2AA65CDB2BCE6FC1000A35CB /* Log.m */ = {isa = PBXFileReference; fileEncoding = 4; lastKnownFileType = sourcecode.c.objc; name = Log.m; path = Log/Log.m; sourceTree = "<group>"; };
		2AA65CDD2BCE6FFF000A35CB /* corkscrew_x86 */ = {isa = PBXFileReference; lastKnownFileType = "compiled.mach-o.executable"; name = corkscrew_x86; path = corkscrew/corkscrew_x86; sourceTree = "<group>"; };
		2AA65CDE2BCE6FFF000A35CB /* corkscrew */ = {isa = PBXFileReference; lastKnownFileType = "compiled.mach-o.executable"; name = corkscrew; path = corkscrew/corkscrew; sourceTree = "<group>"; };
		2AA65CDF2BCE6FFF000A35CB /* corkscrew_arm */ = {isa = PBXFileReference; lastKnownFileType = "compiled.mach-o.executable"; name = corkscrew_arm; path = corkscrew/corkscrew_arm; sourceTree = "<group>"; };
		2AA65CE32BCE7033000A35CB /* NESUser.m */ = {isa = PBXFileReference; fileEncoding = 4; lastKnownFileType = sourcecode.c.objc; name = NESUser.m; path = Misc/NESUser.m; sourceTree = "<group>"; };
		2AA65CE42BCE7033000A35CB /* NESUser.h */ = {isa = PBXFileReference; fileEncoding = 4; lastKnownFileType = sourcecode.c.h; name = NESUser.h; path = Misc/NESUser.h; sourceTree = "<group>"; };
		2AA65CEC2BCE71ED000A35CB /* NESAppDelegate.h */ = {isa = PBXFileReference; fileEncoding = 4; lastKnownFileType = sourcecode.c.h; name = NESAppDelegate.h; path = Misc/NESAppDelegate.h; sourceTree = "<group>"; };
		2AA65CED2BCE71ED000A35CB /* NESController.h */ = {isa = PBXFileReference; fileEncoding = 4; lastKnownFileType = sourcecode.c.h; name = NESController.h; path = Misc/NESController.h; sourceTree = "<group>"; };
		2AA65CEE2BCE71ED000A35CB /* NESController.m */ = {isa = PBXFileReference; fileEncoding = 4; lastKnownFileType = sourcecode.c.objc; name = NESController.m; path = Misc/NESController.m; sourceTree = "<group>"; };
		2AA65CEF2BCE71ED000A35CB /* NESAppDelegate.m */ = {isa = PBXFileReference; fileEncoding = 4; lastKnownFileType = sourcecode.c.objc; name = NESAppDelegate.m; path = Misc/NESAppDelegate.m; sourceTree = "<group>"; };
		2AA65CF22BCE720C000A35CB /* main.m */ = {isa = PBXFileReference; fileEncoding = 4; lastKnownFileType = sourcecode.c.objc; name = main.m; path = Misc/main.m; sourceTree = "<group>"; };
/* End PBXFileReference section */

/* Begin PBXFrameworksBuildPhase section */
		229803A5187F345C00B704DD /* Frameworks */ = {
			isa = PBXFrameworksBuildPhase;
			buildActionMask = 2147483647;
			files = (
				227E54921AA2776F00DF77AC /* SocketRocket.framework in Frameworks */,
				228FC4211A8AC372000BEC34 /* SystemConfiguration.framework in Frameworks */,
				2266BEB418AADCFF00F4ED58 /* Collaboration.framework in Frameworks */,
				2A3DE2732BCB0A4E00E67E04 /* Sparkle in Frameworks */,
				2275989B189DC08700E42ADD /* Security.framework in Frameworks */,
				229803AC187F345C00B704DD /* Cocoa.framework in Frameworks */,
			);
			runOnlyForDeploymentPostprocessing = 0;
		};
/* End PBXFrameworksBuildPhase section */

/* Begin PBXGroup section */
		221A0B5718870BDE0008EBDC /* Model */ = {
			isa = PBXGroup;
			children = (
				2AA65C912BCE6E81000A35CB /* NESAppConfig.h */,
				2AA65C922BCE6E81000A35CB /* NESAppConfig.m */,
				2AA65C932BCE6E81000A35CB /* NESConnection.h */,
				2AA65C952BCE6E81000A35CB /* NESConnection.m */,
				2AA65C942BCE6E81000A35CB /* NESConnectionManager.h */,
				2AA65C9E2BCE6E81000A35CB /* NESConnectionManager.m */,
				2AA65C982BCE6E81000A35CB /* NESConnectionProcess.h */,
				2AA65C9D2BCE6E81000A35CB /* NESConnectionProcess.m */,
				2AA65C9C2BCE6E81000A35CB /* NESGetScriptOutput.h */,
				2AA65C962BCE6E81000A35CB /* NESGetScriptOutput.m */,
				2AA65C9A2BCE6E81000A35CB /* NESKeychain.h */,
				2AA65C9B2BCE6E81000A35CB /* NESKeychain.m */,
				2AA65C972BCE6E81000A35CB /* NESManagedConnection.h */,
				2AA65C992BCE6E81000A35CB /* NESManagedConnection.m */,
			);
			name = Model;
			sourceTree = "<group>";
		};
		2234C982189480AA000DEB44 /* UIElements */ = {
			isa = PBXGroup;
			children = (
				2A3DE2372BC97FA700E67E04 /* ConfirmationSheet.xib */,
				2A3DE22F2BC97F9E00E67E04 /* NESAdminPasswordDialog.xib */,
				2A3DE2332BC97FA200E67E04 /* NESConfirmationDialogWindow.xib */,
				2A3DE23B2BC97FAC00E67E04 /* NESManagedRegistrationSheet.xib */,
				2AA65CB12BCE6EF4000A35CB /* FilterBarView.h */,
				2AA65CB82BCE6EF5000A35CB /* FilterBarView.m */,
				2AA65CA72BCE6EF4000A35CB /* NESAdminPasswordDialogWindowController.h */,
				2AA65CBB2BCE6EF5000A35CB /* NESAdminPasswordDialogWindowController.m */,
				2AA65CAE2BCE6EF4000A35CB /* NESConfirmationDialogWindowController.h */,
				2AA65CB02BCE6EF4000A35CB /* NESConfirmationDialogWindowController.m */,
				2AA65CB32BCE6EF4000A35CB /* NESConfirmationSheet.h */,
				2AA65CB42BCE6EF4000A35CB /* NESConfirmationSheet.m */,
				2AA65CA82BCE6EF4000A35CB /* NESEmptyView.h */,
				2AA65CAC2BCE6EF4000A35CB /* NESEmptyView.m */,
				2AA65CB22BCE6EF4000A35CB /* NESManagedRegistrationSheet.h */,
				2AA65CA62BCE6EF4000A35CB /* NESManagedRegistrationSheet.m */,
				2AA65CBC2BCE6EF5000A35CB /* NESMenuIconController.h */,
				2AA65CB52BCE6EF5000A35CB /* NESMenuIconController.m */,
				2AA65CB92BCE6EF5000A35CB /* NESPopoverButton.h */,
				2AA65CA92BCE6EF4000A35CB /* NESPopoverButton.m */,
				2AA65CB62BCE6EF5000A35CB /* NESPopoverTextField.h */,
				2AA65CBA2BCE6EF5000A35CB /* NESPopoverTextField.m */,
				2AA65CB72BCE6EF5000A35CB /* NESPopoverTextField+FirstResponderNotification.h */,
				2AA65CAF2BCE6EF4000A35CB /* NESPopoverTextFieldButton.h */,
				2AA65CAA2BCE6EF4000A35CB /* NESPopoverTextFieldButton.m */,
				2AA65CAD2BCE6EF4000A35CB /* NESPopoverTextFieldCell.h */,
				2AA65CAB2BCE6EF4000A35CB /* NESPopoverTextFieldCell.m */,
			);
			name = UIElements;
			sourceTree = "<group>";
		};
		228FC4111A8ABD85000BEC34 /* Products */ = {
			isa = PBXGroup;
			children = (
				228FC4181A8ABD85000BEC34 /* libSocketRocket.a */,
				228FC41A1A8ABD85000BEC34 /* SocketRocket.framework */,
				228FC41C1A8ABD85000BEC34 /* SRWebSocketTests.octest */,
				228FC41E1A8ABD85000BEC34 /* TestChat.app */,
			);
			name = Products;
			sourceTree = "<group>";
		};
		2298039F187F345B00B704DD = {
			isa = PBXGroup;
			children = (
				229803B1187F345C00B704DD /* Secure Pipes */,
				229803AA187F345C00B704DD /* Frameworks */,
				229803A9187F345C00B704DD /* Products */,
			);
			sourceTree = "<group>";
		};
		229803A9187F345C00B704DD /* Products */ = {
			isa = PBXGroup;
			children = (
				229803A8187F345C00B704DD /* Secure Pipes.app */,
			);
			name = Products;
			sourceTree = "<group>";
		};
		229803AA187F345C00B704DD /* Frameworks */ = {
			isa = PBXGroup;
			children = (
				228FC4201A8AC372000BEC34 /* SystemConfiguration.framework */,
				2266BEB318AADCFF00F4ED58 /* Collaboration.framework */,
				2275989A189DC08700E42ADD /* Security.framework */,
				229803AB187F345C00B704DD /* Cocoa.framework */,
				229803AD187F345C00B704DD /* Other Frameworks */,
			);
			name = Frameworks;
			sourceTree = "<group>";
		};
		229803AD187F345C00B704DD /* Other Frameworks */ = {
			isa = PBXGroup;
			children = (
				229803AE187F345C00B704DD /* AppKit.framework */,
				229803AF187F345C00B704DD /* CoreData.framework */,
				229803B0187F345C00B704DD /* Foundation.framework */,
			);
			name = "Other Frameworks";
			sourceTree = "<group>";
		};
		229803B1187F345C00B704DD /* Secure Pipes */ = {
			isa = PBXGroup;
			children = (
				2234C982189480AA000DEB44 /* UIElements */,
				221A0B5718870BDE0008EBDC /* Model */,
				229803E2187F3E9200B704DD /* Prefs Window */,
				229803C0187F345C00B704DD /* MainMenu.xib */,
				2A2D12482BCB0EBC0042DEEA /* Localizable.strings */,
				229803C6187F345C00B704DD /* Images.xcassets */,
				22B6B4C32432465E00FC75A0 /* Secure Pipes.entitlements */,
				229803C3187F345C00B704DD /* Secure_Pipes.xcdatamodeld */,
				2A2D12542BCD34710042DEEA /* secure-pipes.html */,
				2AA65CDE2BCE6FFF000A35CB /* corkscrew */,
				2AA65CDF2BCE6FFF000A35CB /* corkscrew_arm */,
				2AA65CDD2BCE6FFF000A35CB /* corkscrew_x86 */,
				2AA65CEC2BCE71ED000A35CB /* NESAppDelegate.h */,
				2AA65CEF2BCE71ED000A35CB /* NESAppDelegate.m */,
				2AA65CED2BCE71ED000A35CB /* NESController.h */,
				2AA65CEE2BCE71ED000A35CB /* NESController.m */,
				229803B2187F345C00B704DD /* Supporting Files */,
			);
			path = "Secure Pipes";
			sourceTree = "<group>";
		};
		229803B2187F345C00B704DD /* Supporting Files */ = {
			isa = PBXGroup;
			children = (
				22DA06461A8532B300F85E56 /* socket.IO-objc */,
				228FC4101A8ABD85000BEC34 /* SocketRocket.xcodeproj */,
				229803B3187F345C00B704DD /* Secure Pipes-Info.plist */,
				22E8C2E418A67E7000506AB8 /* getopt.tcl */,
				229803B4187F345C00B704DD /* InfoPlist.strings */,
				229803BA187F345C00B704DD /* Credits.rtf */,
				22575C5218AC267E00B00006 /* ssh_manager.exp */,
				22AB38AA1A117A150030926C /* proxy_helper.sh */,
				224200A21A93D49300D0E56A /* home-sharing_helper.exp */,
				2AA65CF22BCE720C000A35CB /* main.m */,
				2AA65CE42BCE7033000A35CB /* NESUser.h */,
				2AA65CE32BCE7033000A35CB /* NESUser.m */,
				2AA65CDA2BCE6FC1000A35CB /* Log.h */,
				2AA65CDB2BCE6FC1000A35CB /* Log.m */,
				229803B9187F345C00B704DD /* Secure Pipes-Prefix.pch */,
			);
			name = "Supporting Files";
			sourceTree = "<group>";
		};
		229803E2187F3E9200B704DD /* Prefs Window */ = {
			isa = PBXGroup;
			children = (
				2A3DE2092BC9675B00E67E04 /* Connection View.xib */,
				2A3DE21D2BC9677000E67E04 /* General View.xib */,
				2A3DE2212BC9677300E67E04 /* Info View.xib */,
				2A3DE20D2BC9676000E67E04 /* LocalForwardWindow.xib */,
				2A3DE2052BC9674D00E67E04 /* Prefs Window.xib */,
				2A3DE2152BC9676800E67E04 /* ProxyWindow.xib */,
				2A3DE2112BC9676400E67E04 /* RemoteForwardWindow.xib */,
				2AA65C832BCE6E0B000A35CB /* NESConnectionCellView.h */,
				2AA65C842BCE6E0B000A35CB /* NESConnectionCellView.m */,
				2AA65C7F2BCE6E0B000A35CB /* NESConnectionViewController.h */,
				2AA65C852BCE6E0B000A35CB /* NESConnectionViewController.m */,
				2AA65C772BCE6E0B000A35CB /* NESConnectionWindowController.h */,
				2AA65C762BCE6E0B000A35CB /* NESConnectionWindowController.m */,
				2AA65C732BCE6E0B000A35CB /* NESGeneralViewController.h */,
				2AA65C822BCE6E0B000A35CB /* NESGeneralViewController.m */,
				2AA65C752BCE6E0B000A35CB /* NESLocalForwardWindowController.h */,
				2AA65C742BCE6E0B000A35CB /* NESLocalForwardWindowController.m */,
				2AA65C712BCE6E0B000A35CB /* NESManagedConnectionWindowController.h */,
				2AA65C802BCE6E0B000A35CB /* NESManagedConnectionWindowController.m */,
				2AA65C702BCE6E0B000A35CB /* NESPrefsWindowController.h */,
				2AA65C722BCE6E0B000A35CB /* NESPrefsWindowController.m */,
				2AA65C782BCE6E0B000A35CB /* NESProxyWindowController.h */,
				2AA65C812BCE6E0B000A35CB /* NESProxyWindowController.m */,
				2AA65C7D2BCE6E0B000A35CB /* NESRemoteForwardWindowController.h */,
				2AA65C7E2BCE6E0B000A35CB /* NESRemoteForwardWindowController.m */,
				2AA65C7C2BCE6E0B000A35CB /* NESSelectHostnameScriptDelegate.h */,
				2AA65C792BCE6E0B000A35CB /* NESSelectHostnameScriptDelegate.m */,
				2AA65C7A2BCE6E0B000A35CB /* NESSelectIdentityDelegate.h */,
				2AA65C7B2BCE6E0B000A35CB /* NESSelectIdentityDelegate.m */,
			);
			name = "Prefs Window";
			sourceTree = "<group>";
		};
		22DA06461A8532B300F85E56 /* socket.IO-objc */ = {
			isa = PBXGroup;
			children = (
				2AA65CCF2BCE6F60000A35CB /* LICENSE */,
				2AA65CC92BCE6F60000A35CB /* SocketIO.h */,
				2AA65CC82BCE6F60000A35CB /* SocketIO.m */,
				2AA65CCC2BCE6F60000A35CB /* SocketIOJSONSerialization.h */,
				2AA65CCE2BCE6F60000A35CB /* SocketIOJSONSerialization.m */,
				2AA65CCD2BCE6F60000A35CB /* SocketIOPacket.h */,
				2AA65CD02BCE6F60000A35CB /* SocketIOPacket.m */,
				2AA65CD12BCE6F60000A35CB /* SocketIOTransport.h */,
				2AA65CCB2BCE6F60000A35CB /* SocketIOTransportWebsocket.h */,
				2AA65CCA2BCE6F60000A35CB /* SocketIOTransportWebsocket.m */,
				2AA65CD22BCE6F60000A35CB /* SocketIOTransportXHR.h */,
				2AA65CD32BCE6F60000A35CB /* SocketIOTransportXHR.m */,
			);
			name = "socket.IO-objc";
			sourceTree = "<group>";
		};
/* End PBXGroup section */

/* Begin PBXNativeTarget section */
		229803A7187F345C00B704DD /* Secure Pipes */ = {
			isa = PBXNativeTarget;
			buildConfigurationList = 229803DC187F345C00B704DD /* Build configuration list for PBXNativeTarget "Secure Pipes" */;
			buildPhases = (
				229803A4187F345C00B704DD /* Sources */,
				229803A5187F345C00B704DD /* Frameworks */,
				229803A6187F345C00B704DD /* Resources */,
				227E54941AA2785800DF77AC /* CopyFiles */,
				2A2D124A2BCB13130042DEEA /* Prepare Publishing */,
			);
			buildRules = (
			);
			dependencies = (
				223582FA1AA272F9005141B6 /* PBXTargetDependency */,
			);
			name = "Secure Pipes";
			packageProductDependencies = (
				2A3DE2722BCB0A4E00E67E04 /* Sparkle */,
			);
			productName = "Secure Pipes";
			productReference = 229803A8187F345C00B704DD /* Secure Pipes.app */;
			productType = "com.apple.product-type.application";
		};
/* End PBXNativeTarget section */

/* Begin PBXProject section */
		229803A0187F345B00B704DD /* Project object */ = {
			isa = PBXProject;
			attributes = {
				BuildIndependentTargetsInParallel = YES;
				CLASSPREFIX = NES;
				LastUpgradeCheck = 1530;
				ORGANIZATIONNAME = "Sascha Lamprecht";
			};
			buildConfigurationList = 229803A3187F345B00B704DD /* Build configuration list for PBXProject "Secure Pipes" */;
			compatibilityVersion = "Xcode 15.0";
			developmentRegion = en;
			hasScannedForEncodings = 0;
			knownRegions = (
				en,
				Base,
				de,
			);
			mainGroup = 2298039F187F345B00B704DD;
			packageReferences = (
				2A3DE2712BCB0A4E00E67E04 /* XCRemoteSwiftPackageReference "Sparkle" */,
			);
			productRefGroup = 229803A9187F345C00B704DD /* Products */;
			projectDirPath = "";
			projectReferences = (
				{
					ProductGroup = 228FC4111A8ABD85000BEC34 /* Products */;
					ProjectRef = 228FC4101A8ABD85000BEC34 /* SocketRocket.xcodeproj */;
				},
			);
			projectRoot = "";
			targets = (
				229803A7187F345C00B704DD /* Secure Pipes */,
			);
		};
/* End PBXProject section */

/* Begin PBXReferenceProxy section */
		228FC4181A8ABD85000BEC34 /* libSocketRocket.a */ = {
			isa = PBXReferenceProxy;
			fileType = archive.ar;
			path = libSocketRocket.a;
			remoteRef = 228FC4171A8ABD85000BEC34 /* PBXContainerItemProxy */;
			sourceTree = BUILT_PRODUCTS_DIR;
		};
		228FC41A1A8ABD85000BEC34 /* SocketRocket.framework */ = {
			isa = PBXReferenceProxy;
			fileType = wrapper.framework;
			path = SocketRocket.framework;
			remoteRef = 228FC4191A8ABD85000BEC34 /* PBXContainerItemProxy */;
			sourceTree = BUILT_PRODUCTS_DIR;
		};
		228FC41C1A8ABD85000BEC34 /* SRWebSocketTests.octest */ = {
			isa = PBXReferenceProxy;
			fileType = wrapper.cfbundle;
			path = SRWebSocketTests.octest;
			remoteRef = 228FC41B1A8ABD85000BEC34 /* PBXContainerItemProxy */;
			sourceTree = BUILT_PRODUCTS_DIR;
		};
		228FC41E1A8ABD85000BEC34 /* TestChat.app */ = {
			isa = PBXReferenceProxy;
			fileType = wrapper.application;
			path = TestChat.app;
			remoteRef = 228FC41D1A8ABD85000BEC34 /* PBXContainerItemProxy */;
			sourceTree = BUILT_PRODUCTS_DIR;
		};
/* End PBXReferenceProxy section */

/* Begin PBXResourcesBuildPhase section */
		229803A6187F345C00B704DD /* Resources */ = {
			isa = PBXResourcesBuildPhase;
			buildActionMask = 2147483647;
			files = (
				22AB38AB1A1299CE0030926C /* proxy_helper.sh in Resources */,
				2A3DE2162BC9676800E67E04 /* ProxyWindow.xib in Resources */,
				2A2D12492BCB0EBC0042DEEA /* Localizable.strings in Resources */,
				22575C5418AC26BB00B00006 /* ssh_manager.exp in Resources */,
				224200A71A93D5FF00D0E56A /* home-sharing_helper.exp in Resources */,
				2206D45D18A8260E00FB3E65 /* getopt.tcl in Resources */,
				2A3DE20A2BC9675B00E67E04 /* Connection View.xib in Resources */,
				229803B6187F345C00B704DD /* InfoPlist.strings in Resources */,
				2A3DE23C2BC97FAC00E67E04 /* NESManagedRegistrationSheet.xib in Resources */,
				229803C7187F345C00B704DD /* Images.xcassets in Resources */,
				2A3DE2122BC9676400E67E04 /* RemoteForwardWindow.xib in Resources */,
				2A3DE2342BC97FA200E67E04 /* NESConfirmationDialogWindow.xib in Resources */,
				2AA65CE12BCE6FFF000A35CB /* corkscrew in Resources */,
				229803BC187F345C00B704DD /* Credits.rtf in Resources */,
				2A3DE21E2BC9677000E67E04 /* General View.xib in Resources */,
				2AA65CE22BCE6FFF000A35CB /* corkscrew_arm in Resources */,
				2A3DE2302BC97F9E00E67E04 /* NESAdminPasswordDialog.xib in Resources */,
				2AA65CD72BCE6F60000A35CB /* LICENSE in Resources */,
				2A3DE20E2BC9676000E67E04 /* LocalForwardWindow.xib in Resources */,
				2A3DE2382BC97FA700E67E04 /* ConfirmationSheet.xib in Resources */,
				2A3DE2222BC9677300E67E04 /* Info View.xib in Resources */,
				229803C2187F345C00B704DD /* MainMenu.xib in Resources */,
				2A3DE2062BC9674D00E67E04 /* Prefs Window.xib in Resources */,
				2AA65CE02BCE6FFF000A35CB /* corkscrew_x86 in Resources */,
			);
			runOnlyForDeploymentPostprocessing = 0;
		};
/* End PBXResourcesBuildPhase section */

/* Begin PBXShellScriptBuildPhase section */
		2A2D124A2BCB13130042DEEA /* Prepare Publishing */ = {
			isa = PBXShellScriptBuildPhase;
			buildActionMask = 2147483647;
			files = (
			);
			inputFileListPaths = (
			);
			inputPaths = (
			);
			name = "Prepare Publishing";
			outputFileListPaths = (
			);
			outputPaths = (
			);
			runOnlyForDeploymentPostprocessing = 0;
			shellPath = /bin/sh;
			shellScript = "# Type a script or drag a script file from your workspace to insert its path.\n#\nSSHTUNNEL_USER=$(id -un)\n\nif [ -d /Volumes/Homeshare/Xcode/Secure-Pipes/upload ]; then\n    cp /Users/$SSHTUNNEL_USER/Documents/Xcode/Secure-Pipes/Secure\\ Pipes/secure-pipes.html /Volumes/Homeshare/Xcode/Secure-Pipes/upload/\n    codesign --force --deep --sign - \"${TARGET_BUILD_DIR}\"/\"${PRODUCT_NAME}.app\"\n    ditto -c -k --sequesterRsrc --keepParent \"${TARGET_BUILD_DIR}\"/\"${PRODUCT_NAME}.app\" /Volumes/Homeshare/Xcode/Secure-Pipes/upload/secure-pipes.zip\nfi\n\nif [ -d /Users/$SSHTUNNEL_USER/Desktop/\"${PRODUCT_NAME}.app\" ]; then\n  rm -rf /Users/$SSHTUNNEL_USER/Desktop/\"${PRODUCT_NAME}.app\"\nfi\n\ncp -a \"${TARGET_BUILD_DIR}\"/\"${PRODUCT_NAME}.app\" /Users/$SSHTUNNEL_USER/Desktop/.\ncodesign --force --deep --sign - /Users/$SSHTUNNEL_USER/Desktop/\"${PRODUCT_NAME}.app\"\n";
		};
/* End PBXShellScriptBuildPhase section */

/* Begin PBXSourcesBuildPhase section */
		229803A4187F345C00B704DD /* Sources */ = {
			isa = PBXSourcesBuildPhase;
			buildActionMask = 2147483647;
			files = (
				2AA65C8D2BCE6E0B000A35CB /* NESProxyWindowController.m in Sources */,
				2AA65CE52BCE7033000A35CB /* NESUser.m in Sources */,
				2AA65CC12BCE6EF5000A35CB /* NESEmptyView.m in Sources */,
				2AA65CA52BCE6E82000A35CB /* NESConnectionManager.m in Sources */,
				2AA65CA02BCE6E81000A35CB /* NESConnection.m in Sources */,
				2AA65C8A2BCE6E0B000A35CB /* NESSelectIdentityDelegate.m in Sources */,
				2AA65CBD2BCE6EF5000A35CB /* NESManagedRegistrationSheet.m in Sources */,
				2AA65CC52BCE6EF5000A35CB /* FilterBarView.m in Sources */,
				2AA65C8E2BCE6E0B000A35CB /* NESGeneralViewController.m in Sources */,
				2AA65CC02BCE6EF5000A35CB /* NESPopoverTextFieldCell.m in Sources */,
				2AA65CA42BCE6E81000A35CB /* NESConnectionProcess.m in Sources */,
				2AA65C9F2BCE6E81000A35CB /* NESAppConfig.m in Sources */,
				2AA65CC32BCE6EF5000A35CB /* NESConfirmationSheet.m in Sources */,
				2AA65CD62BCE6F60000A35CB /* SocketIOJSONSerialization.m in Sources */,
				2AA65CD82BCE6F60000A35CB /* SocketIOPacket.m in Sources */,
				2AA65C872BCE6E0B000A35CB /* NESLocalForwardWindowController.m in Sources */,
				2AA65CBF2BCE6EF5000A35CB /* NESPopoverTextFieldButton.m in Sources */,
				2AA65CD92BCE6F60000A35CB /* SocketIOTransportXHR.m in Sources */,
				2AA65C8B2BCE6E0B000A35CB /* NESRemoteForwardWindowController.m in Sources */,
				2AA65CA22BCE6E81000A35CB /* NESManagedConnection.m in Sources */,
				2AA65CA12BCE6E81000A35CB /* NESGetScriptOutput.m in Sources */,
				2AA65CF12BCE71ED000A35CB /* NESAppDelegate.m in Sources */,
				2AA65C882BCE6E0B000A35CB /* NESConnectionWindowController.m in Sources */,
				2AA65C892BCE6E0B000A35CB /* NESSelectHostnameScriptDelegate.m in Sources */,
				2AA65CC42BCE6EF5000A35CB /* NESMenuIconController.m in Sources */,
				2AA65CD52BCE6F60000A35CB /* SocketIOTransportWebsocket.m in Sources */,
				2AA65CDC2BCE6FC1000A35CB /* Log.m in Sources */,
				2AA65C8F2BCE6E0B000A35CB /* NESConnectionCellView.m in Sources */,
				2AA65CC22BCE6EF5000A35CB /* NESConfirmationDialogWindowController.m in Sources */,
				229803C5187F345C00B704DD /* Secure_Pipes.xcdatamodeld in Sources */,
				2AA65CF32BCE720C000A35CB /* main.m in Sources */,
				2AA65CC62BCE6EF5000A35CB /* NESPopoverTextField.m in Sources */,
				2AA65C8C2BCE6E0B000A35CB /* NESManagedConnectionWindowController.m in Sources */,
				2AA65CA32BCE6E81000A35CB /* NESKeychain.m in Sources */,
				2AA65CC72BCE6EF5000A35CB /* NESAdminPasswordDialogWindowController.m in Sources */,
				2AA65CD42BCE6F60000A35CB /* SocketIO.m in Sources */,
				2AA65CF02BCE71ED000A35CB /* NESController.m in Sources */,
				2AA65C902BCE6E0B000A35CB /* NESConnectionViewController.m in Sources */,
				2AA65C862BCE6E0B000A35CB /* NESPrefsWindowController.m in Sources */,
				2AA65CBE2BCE6EF5000A35CB /* NESPopoverButton.m in Sources */,
			);
			runOnlyForDeploymentPostprocessing = 0;
		};
/* End PBXSourcesBuildPhase section */

/* Begin PBXTargetDependency section */
		223582FA1AA272F9005141B6 /* PBXTargetDependency */ = {
			isa = PBXTargetDependency;
			name = SocketRocketOSX;
			targetProxy = 223582F91AA272F9005141B6 /* PBXContainerItemProxy */;
		};
/* End PBXTargetDependency section */

/* Begin PBXVariantGroup section */
		229803B4187F345C00B704DD /* InfoPlist.strings */ = {
			isa = PBXVariantGroup;
			children = (
				229803B5187F345C00B704DD /* en */,
			);
			name = InfoPlist.strings;
			sourceTree = "<group>";
		};
		229803BA187F345C00B704DD /* Credits.rtf */ = {
			isa = PBXVariantGroup;
			children = (
				229803BB187F345C00B704DD /* en */,
			);
			name = Credits.rtf;
			sourceTree = "<group>";
		};
		229803C0187F345C00B704DD /* MainMenu.xib */ = {
			isa = PBXVariantGroup;
			children = (
				2A3DE1FE2BC960A500E67E04 /* Base */,
				2A3DE2032BC966E400E67E04 /* de */,
			);
			name = MainMenu.xib;
			sourceTree = "<group>";
		};
		2A3DE2052BC9674D00E67E04 /* Prefs Window.xib */ = {
			isa = PBXVariantGroup;
			children = (
				2A3DE2042BC9674D00E67E04 /* Base */,
			);
			name = "Prefs Window.xib";
			sourceTree = "<group>";
		};
		2A3DE2092BC9675B00E67E04 /* Connection View.xib */ = {
			isa = PBXVariantGroup;
			children = (
				2A3DE2082BC9675B00E67E04 /* Base */,
				2A3DE20B2BC9675B00E67E04 /* mul */,
			);
			name = "Connection View.xib";
			sourceTree = "<group>";
		};
		2A3DE20D2BC9676000E67E04 /* LocalForwardWindow.xib */ = {
			isa = PBXVariantGroup;
			children = (
				2A3DE20C2BC9676000E67E04 /* Base */,
				2A3DE20F2BC9676000E67E04 /* mul */,
			);
			name = LocalForwardWindow.xib;
			sourceTree = "<group>";
		};
		2A3DE2112BC9676400E67E04 /* RemoteForwardWindow.xib */ = {
			isa = PBXVariantGroup;
			children = (
				2A3DE2102BC9676400E67E04 /* Base */,
				2A3DE2132BC9676400E67E04 /* mul */,
			);
			name = RemoteForwardWindow.xib;
			sourceTree = "<group>";
		};
		2A3DE2152BC9676800E67E04 /* ProxyWindow.xib */ = {
			isa = PBXVariantGroup;
			children = (
				2A3DE2142BC9676800E67E04 /* Base */,
				2A3DE2172BC9676800E67E04 /* mul */,
			);
			name = ProxyWindow.xib;
			sourceTree = "<group>";
		};
		2A3DE21D2BC9677000E67E04 /* General View.xib */ = {
			isa = PBXVariantGroup;
			children = (
				2A3DE21C2BC9677000E67E04 /* Base */,
				2A3DE21F2BC9677000E67E04 /* mul */,
			);
			name = "General View.xib";
			sourceTree = "<group>";
		};
		2A3DE2212BC9677300E67E04 /* Info View.xib */ = {
			isa = PBXVariantGroup;
			children = (
				2A3DE2202BC9677300E67E04 /* Base */,
				2A3DE2232BC9677300E67E04 /* mul */,
			);
			name = "Info View.xib";
			sourceTree = "<group>";
		};
		2A3DE22F2BC97F9E00E67E04 /* NESAdminPasswordDialog.xib */ = {
			isa = PBXVariantGroup;
			children = (
				2A3DE22E2BC97F9E00E67E04 /* Base */,
				2A3DE2312BC97F9E00E67E04 /* mul */,
			);
			name = NESAdminPasswordDialog.xib;
			sourceTree = "<group>";
		};
		2A3DE2332BC97FA200E67E04 /* NESConfirmationDialogWindow.xib */ = {
			isa = PBXVariantGroup;
			children = (
				2A3DE2322BC97FA200E67E04 /* Base */,
				2A3DE2352BC97FA200E67E04 /* mul */,
			);
			name = NESConfirmationDialogWindow.xib;
			sourceTree = "<group>";
		};
		2A3DE2372BC97FA700E67E04 /* ConfirmationSheet.xib */ = {
			isa = PBXVariantGroup;
			children = (
				2A3DE2362BC97FA700E67E04 /* Base */,
				2A3DE2392BC97FA700E67E04 /* mul */,
			);
			name = ConfirmationSheet.xib;
			sourceTree = "<group>";
		};
		2A3DE23B2BC97FAC00E67E04 /* NESManagedRegistrationSheet.xib */ = {
			isa = PBXVariantGroup;
			children = (
				2A3DE23A2BC97FAC00E67E04 /* Base */,
				2A3DE23D2BC97FAC00E67E04 /* mul */,
			);
			name = NESManagedRegistrationSheet.xib;
			sourceTree = "<group>";
		};
/* End PBXVariantGroup section */

/* Begin XCBuildConfiguration section */
		229803DA187F345C00B704DD /* Debug */ = {
			isa = XCBuildConfiguration;
			buildSettings = {
				ALWAYS_SEARCH_USER_PATHS = NO;
				CLANG_ANALYZER_LOCALIZABILITY_NONLOCALIZED = YES;
				CLANG_CXX_LANGUAGE_STANDARD = "gnu++0x";
				CLANG_CXX_LIBRARY = "libc++";
				CLANG_ENABLE_OBJC_ARC = YES;
				CLANG_LINK_OBJC_RUNTIME = YES;
				CLANG_WARN_BLOCK_CAPTURE_AUTORELEASING = YES;
				CLANG_WARN_BOOL_CONVERSION = YES;
				CLANG_WARN_COMMA = YES;
				CLANG_WARN_CONSTANT_CONVERSION = YES;
				CLANG_WARN_DEPRECATED_OBJC_IMPLEMENTATIONS = YES;
				CLANG_WARN_DIRECT_OBJC_ISA_USAGE = YES_ERROR;
				CLANG_WARN_EMPTY_BODY = YES;
				CLANG_WARN_ENUM_CONVERSION = YES;
				CLANG_WARN_INFINITE_RECURSION = YES;
				CLANG_WARN_INT_CONVERSION = YES;
				CLANG_WARN_NON_LITERAL_NULL_CONVERSION = YES;
				CLANG_WARN_OBJC_IMPLICIT_RETAIN_SELF = YES;
				CLANG_WARN_OBJC_LITERAL_CONVERSION = YES;
				CLANG_WARN_OBJC_ROOT_CLASS = YES_ERROR;
				CLANG_WARN_QUOTED_INCLUDE_IN_FRAMEWORK_HEADER = YES;
				CLANG_WARN_RANGE_LOOP_ANALYSIS = YES;
				CLANG_WARN_STRICT_PROTOTYPES = YES;
				CLANG_WARN_SUSPICIOUS_MOVE = YES;
				CLANG_WARN_UNREACHABLE_CODE = YES;
				CLANG_WARN__DUPLICATE_METHOD_MATCH = YES;
				COPY_PHASE_STRIP = NO;
				DEAD_CODE_STRIPPING = YES;
				ENABLE_STRICT_OBJC_MSGSEND = YES;
				ENABLE_TESTABILITY = YES;
				ENABLE_USER_SCRIPT_SANDBOXING = NO;
				GCC_C_LANGUAGE_STANDARD = gnu99;
				GCC_DYNAMIC_NO_PIC = NO;
				GCC_ENABLE_OBJC_EXCEPTIONS = YES;
				GCC_NO_COMMON_BLOCKS = YES;
				GCC_OPTIMIZATION_LEVEL = 0;
				GCC_PREPROCESSOR_DEFINITIONS = (
					"DEBUG=1",
					"$(inherited)",
				);
				GCC_SYMBOLS_PRIVATE_EXTERN = NO;
				GCC_WARN_64_TO_32_BIT_CONVERSION = YES;
				GCC_WARN_ABOUT_RETURN_TYPE = YES_ERROR;
				GCC_WARN_UNDECLARED_SELECTOR = YES;
				GCC_WARN_UNINITIALIZED_AUTOS = YES;
				GCC_WARN_UNUSED_FUNCTION = YES;
				GCC_WARN_UNUSED_VARIABLE = YES;
				MACOSX_DEPLOYMENT_TARGET = 10.15;
				ONLY_ACTIVE_ARCH = NO;
				OTHER_CODE_SIGN_FLAGS = "";
				SDKROOT = macosx;
			};
			name = Debug;
		};
		229803DB187F345C00B704DD /* Release */ = {
			isa = XCBuildConfiguration;
			buildSettings = {
				ALWAYS_SEARCH_USER_PATHS = NO;
				CLANG_ANALYZER_LOCALIZABILITY_NONLOCALIZED = YES;
				CLANG_CXX_LANGUAGE_STANDARD = "gnu++0x";
				CLANG_CXX_LIBRARY = "libc++";
				CLANG_ENABLE_OBJC_ARC = YES;
				CLANG_LINK_OBJC_RUNTIME = YES;
				CLANG_WARN_BLOCK_CAPTURE_AUTORELEASING = YES;
				CLANG_WARN_BOOL_CONVERSION = YES;
				CLANG_WARN_COMMA = YES;
				CLANG_WARN_CONSTANT_CONVERSION = YES;
				CLANG_WARN_DEPRECATED_OBJC_IMPLEMENTATIONS = YES;
				CLANG_WARN_DIRECT_OBJC_ISA_USAGE = YES_ERROR;
				CLANG_WARN_EMPTY_BODY = YES;
				CLANG_WARN_ENUM_CONVERSION = YES;
				CLANG_WARN_INFINITE_RECURSION = YES;
				CLANG_WARN_INT_CONVERSION = YES;
				CLANG_WARN_NON_LITERAL_NULL_CONVERSION = YES;
				CLANG_WARN_OBJC_IMPLICIT_RETAIN_SELF = YES;
				CLANG_WARN_OBJC_LITERAL_CONVERSION = YES;
				CLANG_WARN_OBJC_ROOT_CLASS = YES_ERROR;
				CLANG_WARN_QUOTED_INCLUDE_IN_FRAMEWORK_HEADER = YES;
				CLANG_WARN_RANGE_LOOP_ANALYSIS = YES;
				CLANG_WARN_STRICT_PROTOTYPES = YES;
				CLANG_WARN_SUSPICIOUS_MOVE = YES;
				CLANG_WARN_UNREACHABLE_CODE = YES;
				CLANG_WARN__DUPLICATE_METHOD_MATCH = YES;
				COPY_PHASE_STRIP = YES;
				DEAD_CODE_STRIPPING = YES;
				DEBUG_INFORMATION_FORMAT = "dwarf-with-dsym";
				ENABLE_NS_ASSERTIONS = NO;
				ENABLE_STRICT_OBJC_MSGSEND = YES;
				ENABLE_USER_SCRIPT_SANDBOXING = NO;
				GCC_C_LANGUAGE_STANDARD = gnu99;
				GCC_ENABLE_OBJC_EXCEPTIONS = YES;
				GCC_NO_COMMON_BLOCKS = YES;
				GCC_WARN_64_TO_32_BIT_CONVERSION = YES;
				GCC_WARN_ABOUT_RETURN_TYPE = YES_ERROR;
				GCC_WARN_UNDECLARED_SELECTOR = YES;
				GCC_WARN_UNINITIALIZED_AUTOS = YES;
				GCC_WARN_UNUSED_FUNCTION = YES;
				GCC_WARN_UNUSED_VARIABLE = YES;
				MACOSX_DEPLOYMENT_TARGET = 10.15;
				OTHER_CODE_SIGN_FLAGS = "";
				SDKROOT = macosx;
			};
			name = Release;
		};
		229803DD187F345C00B704DD /* Debug */ = {
			isa = XCBuildConfiguration;
			buildSettings = {
				ALWAYS_SEARCH_USER_PATHS = NO;
				ASSETCATALOG_COMPILER_APPICON_NAME = AppIcon;
				CODE_SIGN_ENTITLEMENTS = "Secure Pipes/Secure Pipes.entitlements";
				CODE_SIGN_IDENTITY = "Apple Development";
				"CODE_SIGN_IDENTITY[sdk=macosx*]" = "-";
				CODE_SIGN_STYLE = Manual;
				COMBINE_HIDPI_IMAGES = YES;
				CURRENT_PROJECT_VERSION = 1.0.0;
				DEAD_CODE_STRIPPING = YES;
				DEVELOPMENT_TEAM = "";
				ENABLE_HARDENED_RUNTIME = NO;
				FRAMEWORK_SEARCH_PATHS = "";
				GCC_PRECOMPILE_PREFIX_HEADER = YES;
				GCC_PREFIX_HEADER = "Secure Pipes/Secure Pipes-Prefix.pch";
				INFOPLIST_FILE = "Secure Pipes/Secure Pipes-Info.plist";
				INFOPLIST_KEY_LSApplicationCategoryType = "public.app-category.utilities";
				LD_RUNPATH_SEARCH_PATHS = (
					"$(LD_RUNPATH_SEARCH_PATHS_$(IS_MACCATALYST))",
					"@executable_path/../Frameworks",
					"@loader_path/../Frameworks",
					"$(inherited)",
				);
				MACOSX_DEPLOYMENT_TARGET = 10.15;
				MARKETING_VERSION = 1.0.0;
				PRODUCT_BUNDLE_IDENTIFIER = "sl-soft.de.secure-pipes";
				PRODUCT_NAME = "$(TARGET_NAME)";
				PROVISIONING_PROFILE = "";
				PROVISIONING_PROFILE_SPECIFIER = "";
				SDKROOT = macosx;
				WRAPPER_EXTENSION = app;
			};
			name = Debug;
		};
		229803DE187F345C00B704DD /* Release */ = {
			isa = XCBuildConfiguration;
			buildSettings = {
				ALWAYS_SEARCH_USER_PATHS = NO;
				ASSETCATALOG_COMPILER_APPICON_NAME = AppIcon;
				CODE_SIGN_ENTITLEMENTS = "Secure Pipes/Secure Pipes.entitlements";
				CODE_SIGN_IDENTITY = "Apple Development";
				"CODE_SIGN_IDENTITY[sdk=macosx*]" = "-";
				CODE_SIGN_STYLE = Manual;
				COMBINE_HIDPI_IMAGES = YES;
				CURRENT_PROJECT_VERSION = 1.0.0;
				DEAD_CODE_STRIPPING = YES;
				DEVELOPMENT_TEAM = "";
				ENABLE_HARDENED_RUNTIME = NO;
				FRAMEWORK_SEARCH_PATHS = "";
				GCC_PRECOMPILE_PREFIX_HEADER = YES;
				GCC_PREFIX_HEADER = "Secure Pipes/Secure Pipes-Prefix.pch";
				INFOPLIST_FILE = "Secure Pipes/Secure Pipes-Info.plist";
				INFOPLIST_KEY_LSApplicationCategoryType = "public.app-category.utilities";
				LD_RUNPATH_SEARCH_PATHS = (
					"$(LD_RUNPATH_SEARCH_PATHS_$(IS_MACCATALYST))",
					"@executable_path/../Frameworks",
					"@loader_path/../Frameworks",
					"$(inherited)",
				);
				MACOSX_DEPLOYMENT_TARGET = 10.15;
				MARKETING_VERSION = 1.0.0;
				ONLY_ACTIVE_ARCH = YES;
				PRODUCT_BUNDLE_IDENTIFIER = "sl-soft.de.secure-pipes";
				PRODUCT_NAME = "$(TARGET_NAME)";
				PROVISIONING_PROFILE = "";
				PROVISIONING_PROFILE_SPECIFIER = "";
				SDKROOT = macosx;
				WRAPPER_EXTENSION = app;
			};
			name = Release;
		};
/* End XCBuildConfiguration section */

/* Begin XCConfigurationList section */
		229803A3187F345B00B704DD /* Build configuration list for PBXProject "Secure Pipes" */ = {
			isa = XCConfigurationList;
			buildConfigurations = (
				229803DA187F345C00B704DD /* Debug */,
				229803DB187F345C00B704DD /* Release */,
			);
			defaultConfigurationIsVisible = 0;
			defaultConfigurationName = Release;
		};
		229803DC187F345C00B704DD /* Build configuration list for PBXNativeTarget "Secure Pipes" */ = {
			isa = XCConfigurationList;
			buildConfigurations = (
				229803DD187F345C00B704DD /* Debug */,
				229803DE187F345C00B704DD /* Release */,
			);
			defaultConfigurationIsVisible = 0;
			defaultConfigurationName = Release;
		};
/* End XCConfigurationList section */

/* Begin XCRemoteSwiftPackageReference section */
		2A3DE2712BCB0A4E00E67E04 /* XCRemoteSwiftPackageReference "Sparkle" */ = {
			isa = XCRemoteSwiftPackageReference;
			repositoryURL = "https://github.com/sparkle-project/Sparkle";
			requirement = {
				kind = upToNextMajorVersion;
				minimumVersion = 2.6.0;
			};
		};
/* End XCRemoteSwiftPackageReference section */

/* Begin XCSwiftPackageProductDependency section */
		2A3DE2722BCB0A4E00E67E04 /* Sparkle */ = {
			isa = XCSwiftPackageProductDependency;
			package = 2A3DE2712BCB0A4E00E67E04 /* XCRemoteSwiftPackageReference "Sparkle" */;
			productName = Sparkle;
		};
/* End XCSwiftPackageProductDependency section */

/* Begin XCVersionGroup section */
		229803C3187F345C00B704DD /* Secure_Pipes.xcdatamodeld */ = {
			isa = XCVersionGroup;
			children = (
				229803C4187F345C00B704DD /* Secure_Pipes.xcdatamodel */,
			);
			currentVersion = 229803C4187F345C00B704DD /* Secure_Pipes.xcdatamodel */;
			path = Secure_Pipes.xcdatamodeld;
			sourceTree = "<group>";
			versionGroupType = wrapper.xcdatamodel;
		};
/* End XCVersionGroup section */
	};
	rootObject = 229803A0187F345B00B704DD /* Project object */;
}
